// !$*UTF8*$!
{
	archiveVersion = 1;
	classes = {
	};
	objectVersion = 50;
	objects = {

/* Begin PBXBuildFile section */
		71274B202297F1C6009B5568 /* AppDelegate.m in Sources */ = {isa = PBXBuildFile; fileRef = 71274B1F2297F1C6009B5568 /* AppDelegate.m */; };
		71274B232297F1C6009B5568 /* ViewController.m in Sources */ = {isa = PBXBuildFile; fileRef = 71274B222297F1C6009B5568 /* ViewController.m */; };
		71274B262297F1C6009B5568 /* Main.storyboard in Resources */ = {isa = PBXBuildFile; fileRef = 71274B242297F1C6009B5568 /* Main.storyboard */; };
		71274B282297F1C7009B5568 /* Assets.xcassets in Resources */ = {isa = PBXBuildFile; fileRef = 71274B272297F1C7009B5568 /* Assets.xcassets */; };
		71274B2B2297F1C7009B5568 /* LaunchScreen.storyboard in Resources */ = {isa = PBXBuildFile; fileRef = 71274B292297F1C7009B5568 /* LaunchScreen.storyboard */; };
		71274B2E2297F1C7009B5568 /* main.m in Sources */ = {isa = PBXBuildFile; fileRef = 71274B2D2297F1C7009B5568 /* main.m */; };
		71274B382297F1C7009B5568 /* CITests.m in Sources */ = {isa = PBXBuildFile; fileRef = 71274B372297F1C7009B5568 /* CITests.m */; };
/* End PBXBuildFile section */

/* Begin PBXContainerItemProxy section */
		71274B342297F1C7009B5568 /* PBXContainerItemProxy */ = {
			isa = PBXContainerItemProxy;
			containerPortal = 71274B132297F1C6009B5568 /* Project object */;
			proxyType = 1;
			remoteGlobalIDString = 71274B1A2297F1C6009B5568;
			remoteInfo = CI;
		};
/* End PBXContainerItemProxy section */

/* Begin PBXFileReference section */
		71274B1B2297F1C6009B5568 /* CI.app */ = {isa = PBXFileReference; explicitFileType = wrapper.application; includeInIndex = 0; path = CI.app; sourceTree = BUILT_PRODUCTS_DIR; };
		71274B1E2297F1C6009B5568 /* AppDelegate.h */ = {isa = PBXFileReference; lastKnownFileType = sourcecode.c.h; path = AppDelegate.h; sourceTree = "<group>"; };
		71274B1F2297F1C6009B5568 /* AppDelegate.m */ = {isa = PBXFileReference; lastKnownFileType = sourcecode.c.objc; path = AppDelegate.m; sourceTree = "<group>"; };
		71274B212297F1C6009B5568 /* ViewController.h */ = {isa = PBXFileReference; lastKnownFileType = sourcecode.c.h; path = ViewController.h; sourceTree = "<group>"; };
		71274B222297F1C6009B5568 /* ViewController.m */ = {isa = PBXFileReference; lastKnownFileType = sourcecode.c.objc; path = ViewController.m; sourceTree = "<group>"; };
		71274B252297F1C6009B5568 /* Base */ = {isa = PBXFileReference; lastKnownFileType = file.storyboard; name = Base; path = Base.lproj/Main.storyboard; sourceTree = "<group>"; };
		71274B272297F1C7009B5568 /* Assets.xcassets */ = {isa = PBXFileReference; lastKnownFileType = folder.assetcatalog; path = Assets.xcassets; sourceTree = "<group>"; };
		71274B2A2297F1C7009B5568 /* Base */ = {isa = PBXFileReference; lastKnownFileType = file.storyboard; name = Base; path = Base.lproj/LaunchScreen.storyboard; sourceTree = "<group>"; };
		71274B2C2297F1C7009B5568 /* Info.plist */ = {isa = PBXFileReference; lastKnownFileType = text.plist.xml; path = Info.plist; sourceTree = "<group>"; };
		71274B2D2297F1C7009B5568 /* main.m */ = {isa = PBXFileReference; lastKnownFileType = sourcecode.c.objc; path = main.m; sourceTree = "<group>"; };
		71274B332297F1C7009B5568 /* CITests.xctest */ = {isa = PBXFileReference; explicitFileType = wrapper.cfbundle; includeInIndex = 0; path = CITests.xctest; sourceTree = BUILT_PRODUCTS_DIR; };
		71274B372297F1C7009B5568 /* CITests.m */ = {isa = PBXFileReference; lastKnownFileType = sourcecode.c.objc; path = CITests.m; sourceTree = "<group>"; };
		71274B392297F1C7009B5568 /* Info.plist */ = {isa = PBXFileReference; lastKnownFileType = text.plist.xml; path = Info.plist; sourceTree = "<group>"; };
/* End PBXFileReference section */

/* Begin PBXFrameworksBuildPhase section */
		71274B182297F1C6009B5568 /* Frameworks */ = {
			isa = PBXFrameworksBuildPhase;
			buildActionMask = 2147483647;
			files = (
			);
			runOnlyForDeploymentPostprocessing = 0;
		};
		71274B302297F1C7009B5568 /* Frameworks */ = {
			isa = PBXFrameworksBuildPhase;
			buildActionMask = 2147483647;
			files = (
			);
			runOnlyForDeploymentPostprocessing = 0;
		};
/* End PBXFrameworksBuildPhase section */

/* Begin PBXGroup section */
		71274B122297F1C6009B5568 = {
			isa = PBXGroup;
			children = (
				71274B1D2297F1C6009B5568 /* CI */,
				71274B362297F1C7009B5568 /* CITests */,
				71274B1C2297F1C6009B5568 /* Products */,
			);
			sourceTree = "<group>";
		};
		71274B1C2297F1C6009B5568 /* Products */ = {
			isa = PBXGroup;
			children = (
				71274B1B2297F1C6009B5568 /* CI.app */,
				71274B332297F1C7009B5568 /* CITests.xctest */,
			);
			name = Products;
			sourceTree = "<group>";
		};
		71274B1D2297F1C6009B5568 /* CI */ = {
			isa = PBXGroup;
			children = (
				71274B1E2297F1C6009B5568 /* AppDelegate.h */,
				71274B1F2297F1C6009B5568 /* AppDelegate.m */,
				71274B212297F1C6009B5568 /* ViewController.h */,
				71274B222297F1C6009B5568 /* ViewController.m */,
				71274B242297F1C6009B5568 /* Main.storyboard */,
				71274B272297F1C7009B5568 /* Assets.xcassets */,
				71274B292297F1C7009B5568 /* LaunchScreen.storyboard */,
				71274B2C2297F1C7009B5568 /* Info.plist */,
				71274B2D2297F1C7009B5568 /* main.m */,
			);
			path = CI;
			sourceTree = "<group>";
		};
		71274B362297F1C7009B5568 /* CITests */ = {
			isa = PBXGroup;
			children = (
				71274B372297F1C7009B5568 /* CITests.m */,
				71274B392297F1C7009B5568 /* Info.plist */,
			);
			path = CITests;
			sourceTree = "<group>";
		};
/* End PBXGroup section */

/* Begin PBXNativeTarget section */
		71274B1A2297F1C6009B5568 /* CI */ = {
			isa = PBXNativeTarget;
			buildConfigurationList = 71274B3C2297F1C7009B5568 /* Build configuration list for PBXNativeTarget "CI" */;
			buildPhases = (
				71274B172297F1C6009B5568 /* Sources */,
				71274B182297F1C6009B5568 /* Frameworks */,
				71274B192297F1C6009B5568 /* Resources */,
			);
			buildRules = (
			);
			dependencies = (
			);
			name = CI;
			productName = CI;
			productReference = 71274B1B2297F1C6009B5568 /* CI.app */;
			productType = "com.apple.product-type.application";
		};
		71274B322297F1C7009B5568 /* CITests */ = {
			isa = PBXNativeTarget;
			buildConfigurationList = 71274B3F2297F1C7009B5568 /* Build configuration list for PBXNativeTarget "CITests" */;
			buildPhases = (
				71274B2F2297F1C7009B5568 /* Sources */,
				71274B302297F1C7009B5568 /* Frameworks */,
				71274B312297F1C7009B5568 /* Resources */,
			);
			buildRules = (
			);
			dependencies = (
				71274B352297F1C7009B5568 /* PBXTargetDependency */,
			);
			name = CITests;
			productName = CITests;
			productReference = 71274B332297F1C7009B5568 /* CITests.xctest */;
			productType = "com.apple.product-type.bundle.unit-test";
		};
/* End PBXNativeTarget section */

/* Begin PBXProject section */
		71274B132297F1C6009B5568 /* Project object */ = {
			isa = PBXProject;
			attributes = {
				LastUpgradeCheck = 1000;
				ORGANIZATIONNAME = "兰旭平";
				TargetAttributes = {
					71274B1A2297F1C6009B5568 = {
						CreatedOnToolsVersion = 10.0;
					};
					71274B322297F1C7009B5568 = {
						CreatedOnToolsVersion = 10.0;
						TestTargetID = 71274B1A2297F1C6009B5568;
					};
				};
			};
			buildConfigurationList = 71274B162297F1C6009B5568 /* Build configuration list for PBXProject "CI" */;
			compatibilityVersion = "Xcode 9.3";
			developmentRegion = en;
			hasScannedForEncodings = 0;
			knownRegions = (
				en,
				Base,
			);
			mainGroup = 71274B122297F1C6009B5568;
			productRefGroup = 71274B1C2297F1C6009B5568 /* Products */;
			projectDirPath = "";
			projectRoot = "";
			targets = (
				71274B1A2297F1C6009B5568 /* CI */,
				71274B322297F1C7009B5568 /* CITests */,
			);
		};
/* End PBXProject section */

/* Begin PBXResourcesBuildPhase section */
		71274B192297F1C6009B5568 /* Resources */ = {
			isa = PBXResourcesBuildPhase;
			buildActionMask = 2147483647;
			files = (
				71274B2B2297F1C7009B5568 /* LaunchScreen.storyboard in Resources */,
				71274B282297F1C7009B5568 /* Assets.xcassets in Resources */,
				71274B262297F1C6009B5568 /* Main.storyboard in Resources */,
			);
			runOnlyForDeploymentPostprocessing = 0;
		};
		71274B312297F1C7009B5568 /* Resources */ = {
			isa = PBXResourcesBuildPhase;
			buildActionMask = 2147483647;
			files = (
			);
			runOnlyForDeploymentPostprocessing = 0;
		};
/* End PBXResourcesBuildPhase section */

/* Begin PBXSourcesBuildPhase section */
		71274B172297F1C6009B5568 /* Sources */ = {
			isa = PBXSourcesBuildPhase;
			buildActionMask = 2147483647;
			files = (
				71274B232297F1C6009B5568 /* ViewController.m in Sources */,
				71274B2E2297F1C7009B5568 /* main.m in Sources */,
				71274B202297F1C6009B5568 /* AppDelegate.m in Sources */,
			);
			runOnlyForDeploymentPostprocessing = 0;
		};
		71274B2F2297F1C7009B5568 /* Sources */ = {
			isa = PBXSourcesBuildPhase;
			buildActionMask = 2147483647;
			files = (
				71274B382297F1C7009B5568 /* CITests.m in Sources */,
			);
			runOnlyForDeploymentPostprocessing = 0;
		};
/* End PBXSourcesBuildPhase section */

/* Begin PBXTargetDependency section */
		71274B352297F1C7009B5568 /* PBXTargetDependency */ = {
			isa = PBXTargetDependency;
			target = 71274B1A2297F1C6009B5568 /* CI */;
			targetProxy = 71274B342297F1C7009B5568 /* PBXContainerItemProxy */;
		};
/* End PBXTargetDependency section */

/* Begin PBXVariantGroup section */
		71274B242297F1C6009B5568 /* Main.storyboard */ = {
			isa = PBXVariantGroup;
			children = (
				71274B252297F1C6009B5568 /* Base */,
			);
			name = Main.storyboard;
			sourceTree = "<group>";
		};
		71274B292297F1C7009B5568 /* LaunchScreen.storyboard */ = {
			isa = PBXVariantGroup;
			children = (
				71274B2A2297F1C7009B5568 /* Base */,
			);
			name = LaunchScreen.storyboard;
			sourceTree = "<group>";
		};
/* End PBXVariantGroup section */

/* Begin XCBuildConfiguration section */
		71274B3A2297F1C7009B5568 /* Debug */ = {
			isa = XCBuildConfiguration;
			buildSettings = {
				ALWAYS_SEARCH_USER_PATHS = NO;
				CLANG_ANALYZER_NONNULL = YES;
				CLANG_ANALYZER_NUMBER_OBJECT_CONVERSION = YES_AGGRESSIVE;
				CLANG_CXX_LANGUAGE_STANDARD = "gnu++14";
				CLANG_CXX_LIBRARY = "libc++";
				CLANG_ENABLE_MODULES = YES;
				CLANG_ENABLE_OBJC_ARC = YES;
				CLANG_ENABLE_OBJC_WEAK = YES;
				CLANG_WARN_BLOCK_CAPTURE_AUTORELEASING = YES;
				CLANG_WARN_BOOL_CONVERSION = YES;
				CLANG_WARN_COMMA = YES;
				CLANG_WARN_CONSTANT_CONVERSION = YES;
				CLANG_WARN_DEPRECATED_OBJC_IMPLEMENTATIONS = YES;
				CLANG_WARN_DIRECT_OBJC_ISA_USAGE = YES_ERROR;
				CLANG_WARN_DOCUMENTATION_COMMENTS = YES;
				CLANG_WARN_EMPTY_BODY = YES;
				CLANG_WARN_ENUM_CONVERSION = YES;
				CLANG_WARN_INFINITE_RECURSION = YES;
				CLANG_WARN_INT_CONVERSION = YES;
				CLANG_WARN_NON_LITERAL_NULL_CONVERSION = YES;
				CLANG_WARN_OBJC_IMPLICIT_RETAIN_SELF = YES;
				CLANG_WARN_OBJC_LITERAL_CONVERSION = YES;
				CLANG_WARN_OBJC_ROOT_CLASS = YES_ERROR;
				CLANG_WARN_RANGE_LOOP_ANALYSIS = YES;
				CLANG_WARN_STRICT_PROTOTYPES = YES;
				CLANG_WARN_SUSPICIOUS_MOVE = YES;
				CLANG_WARN_UNGUARDED_AVAILABILITY = YES_AGGRESSIVE;
				CLANG_WARN_UNREACHABLE_CODE = YES;
				CLANG_WARN__DUPLICATE_METHOD_MATCH = YES;
				CODE_SIGN_IDENTITY = "iPhone Developer";
				COPY_PHASE_STRIP = NO;
				DEBUG_INFORMATION_FORMAT = dwarf;
				ENABLE_STRICT_OBJC_MSGSEND = YES;
				ENABLE_TESTABILITY = YES;
				GCC_C_LANGUAGE_STANDARD = gnu11;
				GCC_DYNAMIC_NO_PIC = NO;
				GCC_NO_COMMON_BLOCKS = YES;
				GCC_OPTIMIZATION_LEVEL = 0;
				GCC_PREPROCESSOR_DEFINITIONS = (
					"DEBUG=1",
					"$(inherited)",
				);
				GCC_WARN_64_TO_32_BIT_CONVERSION = YES;
				GCC_WARN_ABOUT_RETURN_TYPE = YES_ERROR;
				GCC_WARN_UNDECLARED_SELECTOR = YES;
				GCC_WARN_UNINITIALIZED_AUTOS = YES_AGGRESSIVE;
				GCC_WARN_UNUSED_FUNCTION = YES;
				GCC_WARN_UNUSED_VARIABLE = YES;
				IPHONEOS_DEPLOYMENT_TARGET = 12.0;
				MTL_ENABLE_DEBUG_INFO = INCLUDE_SOURCE;
				MTL_FAST_MATH = YES;
				ONLY_ACTIVE_ARCH = YES;
				SDKROOT = iphoneos;
			};
			name = Debug;
		};
		71274B3B2297F1C7009B5568 /* Release */ = {
			isa = XCBuildConfiguration;
			buildSettings = {
				ALWAYS_SEARCH_USER_PATHS = NO;
				CLANG_ANALYZER_NONNULL = YES;
				CLANG_ANALYZER_NUMBER_OBJECT_CONVERSION = YES_AGGRESSIVE;
				CLANG_CXX_LANGUAGE_STANDARD = "gnu++14";
				CLANG_CXX_LIBRARY = "libc++";
				CLANG_ENABLE_MODULES = YES;
				CLANG_ENABLE_OBJC_ARC = YES;
				CLANG_ENABLE_OBJC_WEAK = YES;
				CLANG_WARN_BLOCK_CAPTURE_AUTORELEASING = YES;
				CLANG_WARN_BOOL_CONVERSION = YES;
				CLANG_WARN_COMMA = YES;
				CLANG_WARN_CONSTANT_CONVERSION = YES;
				CLANG_WARN_DEPRECATED_OBJC_IMPLEMENTATIONS = YES;
				CLANG_WARN_DIRECT_OBJC_ISA_USAGE = YES_ERROR;
				CLANG_WARN_DOCUMENTATION_COMMENTS = YES;
				CLANG_WARN_EMPTY_BODY = YES;
				CLANG_WARN_ENUM_CONVERSION = YES;
				CLANG_WARN_INFINITE_RECURSION = YES;
				CLANG_WARN_INT_CONVERSION = YES;
				CLANG_WARN_NON_LITERAL_NULL_CONVERSION = YES;
				CLANG_WARN_OBJC_IMPLICIT_RETAIN_SELF = YES;
				CLANG_WARN_OBJC_LITERAL_CONVERSION = YES;
				CLANG_WARN_OBJC_ROOT_CLASS = YES_ERROR;
				CLANG_WARN_RANGE_LOOP_ANALYSIS = YES;
				CLANG_WARN_STRICT_PROTOTYPES = YES;
				CLANG_WARN_SUSPICIOUS_MOVE = YES;
				CLANG_WARN_UNGUARDED_AVAILABILITY = YES_AGGRESSIVE;
				CLANG_WARN_UNREACHABLE_CODE = YES;
				CLANG_WARN__DUPLICATE_METHOD_MATCH = YES;
				CODE_SIGN_IDENTITY = "iPhone Developer";
				COPY_PHASE_STRIP = NO;
				DEBUG_INFORMATION_FORMAT = "dwarf-with-dsym";
				ENABLE_NS_ASSERTIONS = NO;
				ENABLE_STRICT_OBJC_MSGSEND = YES;
				GCC_C_LANGUAGE_STANDARD = gnu11;
				GCC_NO_COMMON_BLOCKS = YES;
				GCC_WARN_64_TO_32_BIT_CONVERSION = YES;
				GCC_WARN_ABOUT_RETURN_TYPE = YES_ERROR;
				GCC_WARN_UNDECLARED_SELECTOR = YES;
				GCC_WARN_UNINITIALIZED_AUTOS = YES_AGGRESSIVE;
				GCC_WARN_UNUSED_FUNCTION = YES;
				GCC_WARN_UNUSED_VARIABLE = YES;
				IPHONEOS_DEPLOYMENT_TARGET = 12.0;
				MTL_ENABLE_DEBUG_INFO = NO;
				MTL_FAST_MATH = YES;
				SDKROOT = iphoneos;
				VALIDATE_PRODUCT = YES;
			};
			name = Release;
		};
		71274B3D2297F1C7009B5568 /* Debug */ = {
			isa = XCBuildConfiguration;
			buildSettings = {
				ASSETCATALOG_COMPILER_APPICON_NAME = AppIcon;
				CODE_SIGN_STYLE = Automatic;
				DEVELOPMENT_TEAM = Y77Y339G4T;
				INFOPLIST_FILE = CI/Info.plist;
				LD_RUNPATH_SEARCH_PATHS = (
					"$(inherited)",
					"@executable_path/Frameworks",
				);
				PRODUCT_BUNDLE_IDENTIFIER = ApplinsSDK.CI;
				PRODUCT_NAME = "$(TARGET_NAME)";
				TARGETED_DEVICE_FAMILY = "1,2";
			};
			name = Debug;
		};
		71274B3E2297F1C7009B5568 /* Release */ = {
			isa = XCBuildConfiguration;
			buildSettings = {
				ASSETCATALOG_COMPILER_APPICON_NAME = AppIcon;
				CODE_SIGN_STYLE = Automatic;
				DEVELOPMENT_TEAM = Y77Y339G4T;
				INFOPLIST_FILE = CI/Info.plist;
				LD_RUNPATH_SEARCH_PATHS = (
					"$(inherited)",
					"@executable_path/Frameworks",
				);
				PRODUCT_BUNDLE_IDENTIFIER = ApplinsSDK.CI;
				PRODUCT_NAME = "$(TARGET_NAME)";
				TARGETED_DEVICE_FAMILY = "1,2";
			};
			name = Release;
		};
		71274B402297F1C7009B5568 /* Debug */ = {
			isa = XCBuildConfiguration;
			buildSettings = {
				BUNDLE_LOADER = "$(TEST_HOST)";
				CODE_SIGN_STYLE = Automatic;
				DEVELOPMENT_TEAM = Y77Y339G4T;
				INFOPLIST_FILE = CITests/Info.plist;
				LD_RUNPATH_SEARCH_PATHS = (
					"$(inherited)",
					"@executable_path/Frameworks",
					"@loader_path/Frameworks",
				);
				PRODUCT_BUNDLE_IDENTIFIER = ApplinsSDK.CITests;
				PRODUCT_NAME = "$(TARGET_NAME)";
				TARGETED_DEVICE_FAMILY = "1,2";
				TEST_HOST = "$(BUILT_PRODUCTS_DIR)/CI.app/CI";
			};
			name = Debug;
		};
		71274B412297F1C7009B5568 /* Release */ = {
			isa = XCBuildConfiguration;
			buildSettings = {
				BUNDLE_LOADER = "$(TEST_HOST)";
				CODE_SIGN_STYLE = Automatic;
				DEVELOPMENT_TEAM = Y77Y339G4T;
				INFOPLIST_FILE = CITests/Info.plist;
				LD_RUNPATH_SEARCH_PATHS = (
					"$(inherited)",
					"@executable_path/Frameworks",
					"@loader_path/Frameworks",
				);
				PRODUCT_BUNDLE_IDENTIFIER = ApplinsSDK.CITests;
				PRODUCT_NAME = "$(TARGET_NAME)";
				TARGETED_DEVICE_FAMILY = "1,2";
				TEST_HOST = "$(BUILT_PRODUCTS_DIR)/CI.app/CI";
			};
			name = Release;
		};
/* End XCBuildConfiguration section */

/* Begin XCConfigurationList section */
		71274B162297F1C6009B5568 /* Build configuration list for PBXProject "CI" */ = {
			isa = XCConfigurationList;
			buildConfigurations = (
				71274B3A2297F1C7009B5568 /* Debug */,
				71274B3B2297F1C7009B5568 /* Release */,
			);
			defaultConfigurationIsVisible = 0;
			defaultConfigurationName = Release;
		};
		71274B3C2297F1C7009B5568 /* Build configuration list for PBXNativeTarget "CI" */ = {
			isa = XCConfigurationList;
			buildConfigurations = (
				71274B3D2297F1C7009B5568 /* Debug */,
				71274B3E2297F1C7009B5568 /* Release */,
			);
			defaultConfigurationIsVisible = 0;
			defaultConfigurationName = Release;
		};
		71274B3F2297F1C7009B5568 /* Build configuration list for PBXNativeTarget "CITests" */ = {
			isa = XCConfigurationList;
			buildConfigurations = (
				71274B402297F1C7009B5568 /* Debug */,
				71274B412297F1C7009B5568 /* Release */,
			);
			defaultConfigurationIsVisible = 0;
			defaultConfigurationName = Release;
		};
/* End XCConfigurationList section */
	};
	rootObject = 71274B132297F1C6009B5568 /* Project object */;
}
